
Microsoft Visual Studio Solution File, Format Version 12.00
# Visual Studio Version 16
VisualStudioVersion = 16.0.29306.81
MinimumVisualStudioVersion = 10.0.40219.1
Project("{FAE04EC0-301F-11D3-BF4B-00C04F79EFBC}") = "BinaryTree", "BinaryTree.csproj", "{94BEF712-F0D9-4341-B5C6-4F952B458126}"
EndProject
Project("{FAE04EC0-301F-11D3-BF4B-00C04F79EFBC}") = "BinaryTreeTest", "..\BinaryTreeTest\BinaryTreeTest.csproj", "{688C0481-13B7-4A00-8733-5CB59F969711}"
EndProject
Global
	GlobalSection(SolutionConfigurationPlatforms) = preSolution
		Debug|Any CPU = Debug|Any CPU
		Release|Any CPU = Release|Any CPU
	EndGlobalSection
	GlobalSection(ProjectConfigurationPlatforms) = postSolution
		{94BEF712-F0D9-4341-B5C6-4F952B458126}.Debug|Any CPU.ActiveCfg = Debug|Any CPU
		{94BEF712-F0D9-4341-B5C6-4F952B458126}.Debug|Any CPU.Build.0 = Debug|Any CPU
		{94BEF712-F0D9-4341-B5C6-4F952B458126}.Release|Any CPU.ActiveCfg = Release|Any CPU
		{94BEF712-F0D9-4341-B5C6-4F952B458126}.Release|Any CPU.Build.0 = Release|Any CPU
		{688C0481-13B7-4A00-8733-5CB59F969711}.Debug|Any CPU.ActiveCfg = Debug|Any CPU
		{688C0481-13B7-4A00-8733-5CB59F969711}.Debug|Any CPU.Build.0 = Debug|Any CPU
		{688C0481-13B7-4A00-8733-5CB59F969711}.Release|Any CPU.ActiveCfg = Release|Any CPU
		{688C0481-13B7-4A00-8733-5CB59F969711}.Release|Any CPU.Build.0 = Release|Any CPU
	EndGlobalSection
	GlobalSection(SolutionProperties) = preSolution
		HideSolutionNode = FALSE
	EndGlobalSection
	GlobalSection(ExtensibilityGlobals) = postSolution
		SolutionGuid = {94BE1381-CB39-494D-8064-43E25A3AC8F7}
	EndGlobalSection
EndGlobal
